
Microsoft Visual Studio Solution File, Format Version 12.00
# Visual Studio Version 17
VisualStudioVersion = 17.8.34330.188
MinimumVisualStudioVersion = 10.0.40219.1
Project("{FAE04EC0-301F-11D3-BF4B-00C04F79EFBC}") = "DelegateBasicExample", "DelegateBasicExample\DelegateBasicExample.csproj", "{0CDC20CC-9F2D-4162-9FC9-FEB00209B0FD}"
EndProject
Global
	GlobalSection(SolutionConfigurationPlatforms) = preSolution
		Debug|Any CPU = Debug|Any CPU
		Release|Any CPU = Release|Any CPU
	EndGlobalSection
	GlobalSection(ProjectConfigurationPlatforms) = postSolution
		{0CDC20CC-9F2D-4162-9FC9-FEB00209B0FD}.Debug|Any CPU.ActiveCfg = Debug|Any CPU
		{0CDC20CC-9F2D-4162-9FC9-FEB00209B0FD}.Debug|Any CPU.Build.0 = Debug|Any CPU
		{0CDC20CC-9F2D-4162-9FC9-FEB00209B0FD}.Release|Any CPU.ActiveCfg = Release|Any CPU
		{0CDC20CC-9F2D-4162-9FC9-FEB00209B0FD}.Release|Any CPU.Build.0 = Release|Any CPU
	EndGlobalSection
	GlobalSection(SolutionProperties) = preSolution
		HideSolutionNode = FALSE
	EndGlobalSection
	GlobalSection(ExtensibilityGlobals) = postSolution
		SolutionGuid = {2E51D1DB-3BFD-436A-96B0-3B3130D5016A}
	EndGlobalSection
EndGlobal
